<?xml version="1.0" encoding="utf-8"?>
<Project ToolsVersion="4.0" xmlns="http://schemas.microsoft.com/developer/msbuild/2003">
  <ItemGroup>
    <None Include=".editorconfig" />
  </ItemGroup>
  <ItemGroup>
    <ClCompile Include="main.cpp" />
    <ClCompile Include="EmpEngine.cpp">
      <Filter>Engine\main</Filter>
    </ClCompile>
    <ClCompile Include="managementWindow.cpp">
      <Filter>Engine\Manegement\ManagementWindow</Filter>
    </ClCompile>
    <ClCompile Include="ManagementLog.cpp">
      <Filter>Engine\Manegement\ManagementLog</Filter>
    </ClCompile>
    <ClCompile Include="ManagementDXGIFactory.cpp">
      <Filter>Engine\Manegement\ManagementDXGIFactory</Filter>
    </ClCompile>
    <ClCompile Include="ManagementDevice.cpp">
      <Filter>Engine\Manegement\ManagementDevice</Filter>
    </ClCompile>
    <ClCompile Include="ManagementCommand.cpp">
      <Filter>Engine\Manegement\ManagementCommand</Filter>
    </ClCompile>
    <ClCompile Include="ClashHandler.cpp">
      <Filter>Engine\Manegement\ClashHandler</Filter>
    </ClCompile>
    <ClCompile Include="ManagementSwapChain.cpp">
      <Filter>Engine\Manegement\ManagementSwapChain</Filter>
    </ClCompile>
    <ClCompile Include="ManagementDescriptorHeap.cpp">
      <Filter>Engine\Manegement\ManagementDescriptorHeap</Filter>
    </ClCompile>
  </ItemGroup>
  <ItemGroup>
    <Filter Include="Engine">
      <UniqueIdentifier>{c6132ddf-411a-437c-8e37-17a531cba6ba}</UniqueIdentifier>
    </Filter>
    <Filter Include="Engine\main">
      <UniqueIdentifier>{058bdaa5-5f80-4cac-a737-e09acf2f0cb6}</UniqueIdentifier>
    </Filter>
    <Filter Include="Engine\Manegement">
      <UniqueIdentifier>{a0bdcbc2-ef19-4c07-9d18-42b247042419}</UniqueIdentifier>
    </Filter>
    <Filter Include="Engine\Manegement\ManagementWindow">
      <UniqueIdentifier>{3670a508-ab7b-45f3-9ae8-19136bdb354b}</UniqueIdentifier>
    </Filter>
    <Filter Include="Engine\Manegement\ManagementDXGIFactory">
      <UniqueIdentifier>{397d872c-aa94-48e5-b20a-73773869a004}</UniqueIdentifier>
    </Filter>
    <Filter Include="Engine\Manegement\ManagementDevice">
      <UniqueIdentifier>{6dabed80-002f-4db1-b952-5d386cc9d86f}</UniqueIdentifier>
    </Filter>
    <Filter Include="Engine\Manegement\ManagementCommand">
      <UniqueIdentifier>{f3cd21d1-0afd-4899-b3eb-301d5939ac62}</UniqueIdentifier>
    </Filter>
    <Filter Include="Engine\Manegement\ClashHandler">
      <UniqueIdentifier>{bebb7178-47a8-4de7-97eb-fa30dee9b0a0}</UniqueIdentifier>
    </Filter>
    <Filter Include="Engine\Manegement\ManagementSwapChain">
      <UniqueIdentifier>{da3a9dde-9169-4496-bada-fbcee120d9eb}</UniqueIdentifier>
    </Filter>
    <Filter Include="Engine\Manegement\ManagementDescriptorHeap">
      <UniqueIdentifier>{62eb3e34-e72e-4b05-9657-61a50eb0d58f}</UniqueIdentifier>
    </Filter>
    <Filter Include="Engine\Manegement\ManagementLog">
      <UniqueIdentifier>{1d29e322-d123-469e-ba05-516163cc10ed}</UniqueIdentifier>
    </Filter>
  </ItemGroup>
  <ItemGroup>
    <ClInclude Include="EmpEngine.h">
      <Filter>Engine\main</Filter>
    </ClInclude>
    <ClInclude Include="managementWindow.h">
      <Filter>Engine\Manegement\ManagementWindow</Filter>
    </ClInclude>
    <ClInclude Include="ManagementLog.h">
      <Filter>Engine\Manegement\ManagementLog</Filter>
    </ClInclude>
    <ClInclude Include="ManagementDXGIFactory.h">
      <Filter>Engine\Manegement\ManagementDXGIFactory</Filter>
    </ClInclude>
    <ClInclude Include="ManagementDevice.h">
      <Filter>Engine\Manegement\ManagementDevice</Filter>
    </ClInclude>
    <ClInclude Include="ManagementCommand.h">
      <Filter>Engine\Manegement\ManagementCommand</Filter>
    </ClInclude>
    <ClInclude Include="ClashHandler.h">
      <Filter>Engine\Manegement\ClashHandler</Filter>
    </ClInclude>
    <ClInclude Include="ManagementSwapChain.h">
      <Filter>Engine\Manegement\ManagementSwapChain</Filter>
    </ClInclude>
    <ClInclude Include="ManagementDescriptorHeap.h">
      <Filter>Engine\Manegement\ManagementDescriptorHeap</Filter>
    </ClInclude>
  </ItemGroup>
</Project>