<?xml version="1.0" encoding="utf-8"?>
<Project ToolsVersion="4.0" xmlns="http://schemas.microsoft.com/developer/msbuild/2003">
  <ItemGroup>
    <None Include=".editorconfig" />
    <None Include="Object3d.hlsli">
      <Filter>Engine\Shader</Filter>
    </None>
  </ItemGroup>
  <ItemGroup>
    <ClCompile Include="main.cpp" />
    <ClCompile Include="EmpEngine.cpp">
      <Filter>Engine\main</Filter>
    </ClCompile>
    <ClCompile Include="managementWindow.cpp">
      <Filter>Engine\Manegement\ManagementWindow</Filter>
    </ClCompile>
    <ClCompile Include="ManagementLog.cpp">
      <Filter>Engine\Manegement\ManagementLog</Filter>
    </ClCompile>
    <ClCompile Include="ManagementDXGIFactory.cpp">
      <Filter>Engine\Manegement\ManagementDXGIFactory</Filter>
    </ClCompile>
    <ClCompile Include="ManagementDevice.cpp">
      <Filter>Engine\Manegement\ManagementDevice</Filter>
    </ClCompile>
    <ClCompile Include="ManagementCommand.cpp">
      <Filter>Engine\Manegement\ManagementCommand</Filter>
    </ClCompile>
    <ClCompile Include="ClashHandler.cpp">
      <Filter>Engine\Manegement\ClashHandler</Filter>
    </ClCompile>
    <ClCompile Include="ManagementSwapChain.cpp">
      <Filter>Engine\Manegement\ManagementSwapChain</Filter>
    </ClCompile>
    <ClCompile Include="ManagementDescriptorHeap.cpp">
      <Filter>Engine\Manegement\ManagementDescriptorHeap</Filter>
    </ClCompile>
    <ClCompile Include="ManagementDebug.cpp">
      <Filter>Engine\Manegement\ManagementDebug</Filter>
    </ClCompile>
    <ClCompile Include="ManagementDXC.cpp">
      <Filter>Engine\Manegement\ManagementDXC</Filter>
    </ClCompile>
    <ClCompile Include="ManagementViewPort.cpp">
      <Filter>Engine\Manegement\ManagementViewPort</Filter>
    </ClCompile>
    <ClCompile Include="Camera3d.cpp">
      <Filter>Engine\Manegement\ManagementCamera</Filter>
    </ClCompile>
    <ClCompile Include="externals\imgui\imgui_demo.cpp">
      <Filter>Engine\ImGui</Filter>
    </ClCompile>
    <ClCompile Include="externals\imgui\imgui_draw.cpp">
      <Filter>Engine\ImGui</Filter>
    </ClCompile>
    <ClCompile Include="externals\imgui\imgui_impl_dx12.cpp">
      <Filter>Engine\ImGui</Filter>
    </ClCompile>
    <ClCompile Include="externals\imgui\imgui_impl_win32.cpp">
      <Filter>Engine\ImGui</Filter>
    </ClCompile>
    <ClCompile Include="externals\imgui\imgui_tables.cpp">
      <Filter>Engine\ImGui</Filter>
    </ClCompile>
    <ClCompile Include="externals\imgui\imgui_widgets.cpp">
      <Filter>Engine\ImGui</Filter>
    </ClCompile>
    <ClCompile Include="externals\imgui\imgui.cpp">
      <Filter>Engine\ImGui</Filter>
    </ClCompile>
    <ClCompile Include="MymGui.cpp">
      <Filter>Engine\Manegement\MymGui</Filter>
    </ClCompile>
    <ClCompile Include="ManagementTexture.cpp">
      <Filter>Engine\Manegement\ManagementTexture</Filter>
    </ClCompile>
    <ClCompile Include="Matrix4x4.cpp">
      <Filter>Engine\addMech\Matrix4x4</Filter>
    </ClCompile>
    <ClCompile Include="Matrix3x3.cpp">
      <Filter>Engine\addMech\Matrix3x3</Filter>
    </ClCompile>
    <ClCompile Include="Vertex42d.cpp">
      <Filter>Engine\addMech\Vertex42d</Filter>
    </ClCompile>
    <ClCompile Include="DX12Mechanics.cpp">
      <Filter>Engine\addMech\DX12Mechanics</Filter>
    </ClCompile>
    <ClCompile Include="Shape.cpp">
      <Filter>Engine\Shapes\Shape</Filter>
    </ClCompile>
    <ClCompile Include="Triangle.cpp">
      <Filter>Engine\Shapes\Triangle</Filter>
    </ClCompile>
    <ClCompile Include="Vector3.cpp">
      <Filter>Engine\addMech\Verctor3</Filter>
    </ClCompile>
    <ClCompile Include="DrawManager.cpp">
      <Filter>Engine\Shapes\DrawManager</Filter>
    </ClCompile>
    <ClCompile Include="DoubleTriangle.cpp">
      <Filter>Engine\Shapes\DoubleTriangle</Filter>
    </ClCompile>
    <ClCompile Include="Sprite.cpp">
      <Filter>Engine\Shapes\Sprite</Filter>
    </ClCompile>
    <ClCompile Include="Sphere.cpp">
      <Filter>Engine\Shapes\Sphere</Filter>
    </ClCompile>
    <ClCompile Include="EmpSystems.cpp">
      <Filter>Engine\System</Filter>
    </ClCompile>
    <ClCompile Include="ManagementLighting.cpp">
      <Filter>Engine\Manegement\ManagementLighting</Filter>
    </ClCompile>
    <ClCompile Include="SceneBase.cpp">
      <Filter>Engine\Manegement\SceneManager\Base</Filter>
    </ClCompile>
    <ClCompile Include="TItle.cpp">
      <Filter>Engine\Manegement\SceneManager\Title</Filter>
    </ClCompile>
    <ClCompile Include="Over.cpp">
      <Filter>Engine\Manegement\SceneManager\Over</Filter>
    </ClCompile>
    <ClCompile Include="Game.cpp">
      <Filter>Engine\Manegement\SceneManager\Game</Filter>
    </ClCompile>
    <ClCompile Include="Clear.cpp">
      <Filter>Engine\Manegement\SceneManager\Clear</Filter>
    </ClCompile>
    <ClCompile Include="SceneManager.cpp">
      <Filter>Engine\Manegement\SceneManager</Filter>
    </ClCompile>
    <ClCompile Include="Input.cpp">
      <Filter>Engine\Manegement\InputManager</Filter>
    </ClCompile>
    <ClCompile Include="SceneSystem.cpp">
      <Filter>Engine\System\Scene</Filter>
    </ClCompile>
    <ClCompile Include="ColorTriangle.cpp">
      <Filter>課題\ColorTriangle</Filter>
    </ClCompile>
    <ClCompile Include="DoubleTrigle.cpp">
      <Filter>課題\DoubleTriangle</Filter>
    </ClCompile>
    <ClCompile Include="Particle.cpp">
      <Filter>課題\Particle</Filter>
    </ClCompile>
    <ClCompile Include="CameraController.cpp">
      <Filter>Engine\addMech\CameraController</Filter>
    </ClCompile>
  </ItemGroup>
  <ItemGroup>
    <Filter Include="Engine">
      <UniqueIdentifier>{c6132ddf-411a-437c-8e37-17a531cba6ba}</UniqueIdentifier>
    </Filter>
    <Filter Include="Engine\main">
      <UniqueIdentifier>{058bdaa5-5f80-4cac-a737-e09acf2f0cb6}</UniqueIdentifier>
    </Filter>
    <Filter Include="Engine\Manegement">
      <UniqueIdentifier>{a0bdcbc2-ef19-4c07-9d18-42b247042419}</UniqueIdentifier>
    </Filter>
    <Filter Include="Engine\Manegement\ManagementWindow">
      <UniqueIdentifier>{3670a508-ab7b-45f3-9ae8-19136bdb354b}</UniqueIdentifier>
    </Filter>
    <Filter Include="Engine\Manegement\ManagementDXGIFactory">
      <UniqueIdentifier>{397d872c-aa94-48e5-b20a-73773869a004}</UniqueIdentifier>
    </Filter>
    <Filter Include="Engine\Manegement\ManagementDevice">
      <UniqueIdentifier>{6dabed80-002f-4db1-b952-5d386cc9d86f}</UniqueIdentifier>
    </Filter>
    <Filter Include="Engine\Manegement\ManagementCommand">
      <UniqueIdentifier>{f3cd21d1-0afd-4899-b3eb-301d5939ac62}</UniqueIdentifier>
    </Filter>
    <Filter Include="Engine\Manegement\ClashHandler">
      <UniqueIdentifier>{bebb7178-47a8-4de7-97eb-fa30dee9b0a0}</UniqueIdentifier>
    </Filter>
    <Filter Include="Engine\Manegement\ManagementSwapChain">
      <UniqueIdentifier>{da3a9dde-9169-4496-bada-fbcee120d9eb}</UniqueIdentifier>
    </Filter>
    <Filter Include="Engine\Manegement\ManagementDescriptorHeap">
      <UniqueIdentifier>{62eb3e34-e72e-4b05-9657-61a50eb0d58f}</UniqueIdentifier>
    </Filter>
    <Filter Include="Engine\Manegement\ManagementLog">
      <UniqueIdentifier>{1d29e322-d123-469e-ba05-516163cc10ed}</UniqueIdentifier>
    </Filter>
    <Filter Include="Engine\Manegement\ManagementDebug">
      <UniqueIdentifier>{5150cfa3-a23b-4f26-9085-b38cd7fb4da6}</UniqueIdentifier>
    </Filter>
    <Filter Include="Engine\Shader">
      <UniqueIdentifier>{74b8016c-c9af-41ef-af37-bed799326a35}</UniqueIdentifier>
    </Filter>
    <Filter Include="Engine\Manegement\ManagementViewPort">
      <UniqueIdentifier>{1d631f6f-4653-4c3e-ad42-ba357217ce93}</UniqueIdentifier>
    </Filter>
    <Filter Include="Engine\addMech">
      <UniqueIdentifier>{64e8918b-6022-42d8-9260-be0d9c3537e2}</UniqueIdentifier>
    </Filter>
    <Filter Include="Engine\addMech\Vector4">
      <UniqueIdentifier>{cf731bf1-0721-4bc3-9258-5aa6dfe7f252}</UniqueIdentifier>
    </Filter>
    <Filter Include="Engine\addMech\Matrix4x4">
      <UniqueIdentifier>{e5a4ffd2-28b9-45fa-9597-e16a011f1898}</UniqueIdentifier>
    </Filter>
    <Filter Include="Engine\addMech\Verctor3">
      <UniqueIdentifier>{e9efc3d4-b374-4335-9816-6702e62c6805}</UniqueIdentifier>
    </Filter>
    <Filter Include="Engine\addMech\TransForm3d">
      <UniqueIdentifier>{b95025f2-7998-49ee-9074-901b9a0f4110}</UniqueIdentifier>
    </Filter>
    <Filter Include="Engine\Manegement\ManagementCamera">
      <UniqueIdentifier>{50e1ad78-b8d3-4c64-8a4a-3227df3f7f06}</UniqueIdentifier>
    </Filter>
    <Filter Include="Engine\ImGui">
      <UniqueIdentifier>{7569cdce-1b38-4832-8379-6802cbe82d34}</UniqueIdentifier>
    </Filter>
    <Filter Include="Engine\Manegement\MymGui">
      <UniqueIdentifier>{d4d376c6-84e2-43e4-b939-b48198b42b53}</UniqueIdentifier>
    </Filter>
    <Filter Include="Engine\System">
      <UniqueIdentifier>{05ee5028-ba58-468d-adba-fdadf446a573}</UniqueIdentifier>
    </Filter>
    <Filter Include="Engine\Manegement\ManagementTexture">
      <UniqueIdentifier>{76c4da23-2143-4def-b36e-c112971da40a}</UniqueIdentifier>
    </Filter>
    <Filter Include="Engine\addMech\VertexData">
      <UniqueIdentifier>{4dd8569a-a0d1-468c-b470-b12601d5b1ae}</UniqueIdentifier>
    </Filter>
    <Filter Include="Engine\addMech\Vector2">
      <UniqueIdentifier>{7cfc481b-2a45-42c0-ac1a-678a42aa0ba5}</UniqueIdentifier>
    </Filter>
    <Filter Include="Engine\Manegement\ManagementDXC">
      <UniqueIdentifier>{51a712bb-6dc4-4251-b9ce-d6dfd1313faa}</UniqueIdentifier>
    </Filter>
    <Filter Include="Engine\addMech\Matrix2x2">
      <UniqueIdentifier>{fcd575f8-e10e-4d69-8f2f-12ef198c9874}</UniqueIdentifier>
    </Filter>
    <Filter Include="Engine\addMech\Matrix3x3">
      <UniqueIdentifier>{20926e2a-baae-4cbe-afb5-b72cc90586b8}</UniqueIdentifier>
    </Filter>
    <Filter Include="Engine\addMech\Vertex42d">
      <UniqueIdentifier>{5969a2ae-62e3-4034-9408-a4370196b64f}</UniqueIdentifier>
    </Filter>
    <Filter Include="Engine\addMech\DX12Mechanics">
      <UniqueIdentifier>{a5ebc2c4-36ee-47d6-b81e-ae2f2d84b48b}</UniqueIdentifier>
    </Filter>
    <Filter Include="Engine\Shapes">
      <UniqueIdentifier>{302b45f2-f09b-4d20-a5cd-ba6c77196f7c}</UniqueIdentifier>
    </Filter>
    <Filter Include="Engine\Shapes\Shape">
      <UniqueIdentifier>{90bcd661-0e92-4844-992a-afc24ceacf60}</UniqueIdentifier>
    </Filter>
    <Filter Include="Engine\Shapes\Sphere">
      <UniqueIdentifier>{cf85c25c-e659-4d66-b836-6877c4ecec28}</UniqueIdentifier>
    </Filter>
    <Filter Include="Engine\Shapes\Sprite">
      <UniqueIdentifier>{deb1f616-60b7-44dc-b80d-175a9191d3fe}</UniqueIdentifier>
    </Filter>
    <Filter Include="Engine\Shapes\Triangle">
      <UniqueIdentifier>{48646779-1057-4b2f-9526-539d207a6e1b}</UniqueIdentifier>
    </Filter>
    <Filter Include="Engine\addMech\Material">
      <UniqueIdentifier>{36228a6e-33c7-4adc-837c-40e4e26e3317}</UniqueIdentifier>
    </Filter>
    <Filter Include="Engine\addMech\TransformationMatrix">
      <UniqueIdentifier>{8f22b273-a651-4b50-b8ad-7ad4fcf1e9e9}</UniqueIdentifier>
    </Filter>
    <Filter Include="Engine\addMech\DirectionalLight">
      <UniqueIdentifier>{8a22c9f0-ddb2-4bc1-b758-9d1cd752d9d1}</UniqueIdentifier>
    </Filter>
    <Filter Include="Engine\Shapes\DoubleTriangle">
      <UniqueIdentifier>{922ed482-d69c-4822-91ca-37c834150fe9}</UniqueIdentifier>
    </Filter>
    <Filter Include="Engine\Shapes\DrawManager">
      <UniqueIdentifier>{33d67813-d7b5-4ecc-8604-f33f8cb68e4c}</UniqueIdentifier>
    </Filter>
    <Filter Include="Engine\Manegement\ManagementLighting">
      <UniqueIdentifier>{3345e457-c0a9-49ff-b31b-e35abb2915b3}</UniqueIdentifier>
    </Filter>
    <Filter Include="Engine\Manegement\SceneManager">
      <UniqueIdentifier>{48718cab-1599-488a-a5da-96df9afc60e6}</UniqueIdentifier>
    </Filter>
    <Filter Include="Engine\Manegement\SceneManager\Title">
      <UniqueIdentifier>{e21f081c-4e22-4f77-9856-709c1cdb043d}</UniqueIdentifier>
    </Filter>
    <Filter Include="Engine\Manegement\SceneManager\Game">
      <UniqueIdentifier>{b7cf6ba8-7469-434d-972a-ac719f39aa79}</UniqueIdentifier>
    </Filter>
    <Filter Include="Engine\Manegement\SceneManager\Clear">
      <UniqueIdentifier>{67b66682-a29b-4403-8849-0c71704bc411}</UniqueIdentifier>
    </Filter>
    <Filter Include="Engine\Manegement\SceneManager\Over">
      <UniqueIdentifier>{6e663fec-bca7-4b9b-9d9e-03203b195c97}</UniqueIdentifier>
    </Filter>
    <Filter Include="Engine\Manegement\SceneManager\Base">
      <UniqueIdentifier>{e6041e80-5d0c-4ce3-a0dd-92f1b5f86a65}</UniqueIdentifier>
    </Filter>
    <Filter Include="Engine\Manegement\InputManager">
      <UniqueIdentifier>{de53772b-bcfb-47f3-9134-d207767a2e89}</UniqueIdentifier>
    </Filter>
    <Filter Include="Engine\System\Scene">
      <UniqueIdentifier>{c0ae35e1-94eb-41c4-8bf8-99bf2980b7bf}</UniqueIdentifier>
    </Filter>
    <Filter Include="Engine\addMech\GameScene">
      <UniqueIdentifier>{683b2ed0-6e79-41ae-86d6-60a61c41ffd7}</UniqueIdentifier>
    </Filter>
    <Filter Include="課題">
      <UniqueIdentifier>{3c794344-a66e-4df1-9af6-7dcf4ecd003f}</UniqueIdentifier>
    </Filter>
    <Filter Include="課題\ColorTriangle">
      <UniqueIdentifier>{27ae56e3-0fb3-4515-a7ea-3c331b1c0f01}</UniqueIdentifier>
    </Filter>
    <Filter Include="課題\DoubleTriangle">
      <UniqueIdentifier>{536b9d48-9a4f-4774-a0a5-62b7fae6fa12}</UniqueIdentifier>
    </Filter>
    <Filter Include="課題\Particle">
      <UniqueIdentifier>{3ec40d9b-aaf5-4951-9db0-f42f56f15f82}</UniqueIdentifier>
    </Filter>
    <Filter Include="Engine\addMech\CameraController">
      <UniqueIdentifier>{b79eb08b-e9cd-4483-b391-b7f63bb5ab0a}</UniqueIdentifier>
    </Filter>
  </ItemGroup>
  <ItemGroup>
    <ClInclude Include="EmpEngine.h">
      <Filter>Engine\main</Filter>
    </ClInclude>
    <ClInclude Include="managementWindow.h">
      <Filter>Engine\Manegement\ManagementWindow</Filter>
    </ClInclude>
    <ClInclude Include="ManagementLog.h">
      <Filter>Engine\Manegement\ManagementLog</Filter>
    </ClInclude>
    <ClInclude Include="ManagementDXGIFactory.h">
      <Filter>Engine\Manegement\ManagementDXGIFactory</Filter>
    </ClInclude>
    <ClInclude Include="ManagementDevice.h">
      <Filter>Engine\Manegement\ManagementDevice</Filter>
    </ClInclude>
    <ClInclude Include="ManagementCommand.h">
      <Filter>Engine\Manegement\ManagementCommand</Filter>
    </ClInclude>
    <ClInclude Include="ClashHandler.h">
      <Filter>Engine\Manegement\ClashHandler</Filter>
    </ClInclude>
    <ClInclude Include="ManagementSwapChain.h">
      <Filter>Engine\Manegement\ManagementSwapChain</Filter>
    </ClInclude>
    <ClInclude Include="ManagementDescriptorHeap.h">
      <Filter>Engine\Manegement\ManagementDescriptorHeap</Filter>
    </ClInclude>
    <ClInclude Include="ManagementDebug.h">
      <Filter>Engine\Manegement\ManagementDebug</Filter>
    </ClInclude>
    <ClInclude Include="ManagementDXC.h">
      <Filter>Engine\Manegement\ManagementDXC</Filter>
    </ClInclude>
    <ClInclude Include="ManagementViewPort.h">
      <Filter>Engine\Manegement\ManagementViewPort</Filter>
    </ClInclude>
    <ClInclude Include="Vector4.h">
      <Filter>Engine\addMech\Vector4</Filter>
    </ClInclude>
    <ClInclude Include="Matrix4x4.h">
      <Filter>Engine\addMech\Matrix4x4</Filter>
    </ClInclude>
    <ClInclude Include="Vector3.h">
      <Filter>Engine\addMech\Verctor3</Filter>
    </ClInclude>
    <ClInclude Include="TransForm3d.h">
      <Filter>Engine\addMech\TransForm3d</Filter>
    </ClInclude>
    <ClInclude Include="Camera3d.h">
      <Filter>Engine\Manegement\ManagementCamera</Filter>
    </ClInclude>
    <ClInclude Include="externals\imgui\imconfig.h">
      <Filter>Engine\ImGui</Filter>
    </ClInclude>
    <ClInclude Include="externals\imgui\imgui.h">
      <Filter>Engine\ImGui</Filter>
    </ClInclude>
    <ClInclude Include="externals\imgui\imgui_impl_dx12.h">
      <Filter>Engine\ImGui</Filter>
    </ClInclude>
    <ClInclude Include="externals\imgui\imgui_impl_win32.h">
      <Filter>Engine\ImGui</Filter>
    </ClInclude>
    <ClInclude Include="externals\imgui\imgui_internal.h">
      <Filter>Engine\ImGui</Filter>
    </ClInclude>
    <ClInclude Include="externals\imgui\imstb_rectpack.h">
      <Filter>Engine\ImGui</Filter>
    </ClInclude>
    <ClInclude Include="externals\imgui\imstb_textedit.h">
      <Filter>Engine\ImGui</Filter>
    </ClInclude>
    <ClInclude Include="externals\imgui\imstb_truetype.h">
      <Filter>Engine\ImGui</Filter>
    </ClInclude>
    <ClInclude Include="MymGui.h">
      <Filter>Engine\Manegement\MymGui</Filter>
    </ClInclude>
    <ClInclude Include="EmpSysetms.h">
      <Filter>Engine\System</Filter>
    </ClInclude>
    <ClInclude Include="ManagementTexture.h">
      <Filter>Engine\Manegement\ManagementTexture</Filter>
    </ClInclude>
    <ClInclude Include="VertexData.h">
      <Filter>Engine\addMech\VertexData</Filter>
    </ClInclude>
    <ClInclude Include="Vector2.h">
      <Filter>Engine\addMech\Vector2</Filter>
    </ClInclude>
    <ClInclude Include="Matrix2x2.h">
      <Filter>Engine\addMech\Matrix2x2</Filter>
    </ClInclude>
    <ClInclude Include="Matrix3x3.h">
      <Filter>Engine\addMech\Matrix3x3</Filter>
    </ClInclude>
    <ClInclude Include="Vertex42d.h">
      <Filter>Engine\addMech\Vertex42d</Filter>
    </ClInclude>
    <ClInclude Include="DX12Mechanics.h">
      <Filter>Engine\addMech\DX12Mechanics</Filter>
    </ClInclude>
    <ClInclude Include="Shape.h">
      <Filter>Engine\Shapes\Shape</Filter>
    </ClInclude>
    <ClInclude Include="Triangle.h">
      <Filter>Engine\Shapes\Triangle</Filter>
    </ClInclude>
    <ClInclude Include="DrawManager.h">
      <Filter>Engine\Shapes\DrawManager</Filter>
    </ClInclude>
    <ClInclude Include="DoubleTriangle.h">
      <Filter>Engine\Shapes\DoubleTriangle</Filter>
    </ClInclude>
    <ClInclude Include="Sprite.h">
      <Filter>Engine\Shapes\Sprite</Filter>
    </ClInclude>
    <ClInclude Include="Sphere.h">
      <Filter>Engine\Shapes\Sphere</Filter>
    </ClInclude>
    <ClInclude Include="Material.h">
      <Filter>Engine\addMech\Material</Filter>
    </ClInclude>
    <ClInclude Include="TransformationMatrix.h">
      <Filter>Engine\addMech\TransformationMatrix</Filter>
    </ClInclude>
    <ClInclude Include="DirectionalLight.h">
      <Filter>Engine\addMech\DirectionalLight</Filter>
    </ClInclude>
    <ClInclude Include="ManagementLighting.h">
      <Filter>Engine\Manegement\ManagementLighting</Filter>
    </ClInclude>
    <ClInclude Include="SceneBase.h">
      <Filter>Engine\Manegement\SceneManager\Base</Filter>
    </ClInclude>
    <ClInclude Include="Title.h">
      <Filter>Engine\Manegement\SceneManager\Title</Filter>
    </ClInclude>
    <ClInclude Include="Over.h">
      <Filter>Engine\Manegement\SceneManager\Over</Filter>
    </ClInclude>
    <ClInclude Include="Game.h">
      <Filter>Engine\Manegement\SceneManager\Game</Filter>
    </ClInclude>
    <ClInclude Include="Clear.h">
      <Filter>Engine\Manegement\SceneManager\Clear</Filter>
    </ClInclude>
    <ClInclude Include="SceneManager.h">
      <Filter>Engine\Manegement\SceneManager</Filter>
    </ClInclude>
    <ClInclude Include="Input.h">
      <Filter>Engine\Manegement\InputManager</Filter>
    </ClInclude>
    <ClInclude Include="KeyDiffine.h">
      <Filter>Engine\Manegement\InputManager</Filter>
    </ClInclude>
    <ClInclude Include="SceneSystem.h">
      <Filter>Engine\System\Scene</Filter>
    </ClInclude>
    <ClInclude Include="GameScene.h">
      <Filter>Engine\addMech\GameScene</Filter>
    </ClInclude>
    <ClInclude Include="ColorTriangle.h">
      <Filter>課題\ColorTriangle</Filter>
    </ClInclude>
    <ClInclude Include="DoubleTrigle.h">
      <Filter>課題\DoubleTriangle</Filter>
    </ClInclude>
    <ClInclude Include="Particle.h">
      <Filter>課題\Particle</Filter>
    </ClInclude>
    <ClInclude Include="CameraController.h">
      <Filter>Engine\addMech\CameraController</Filter>
    </ClInclude>
  </ItemGroup>
  <ItemGroup>
    <FxCompile Include="Object3d.VS.hlsl">
      <Filter>Engine\Shader</Filter>
    </FxCompile>
    <FxCompile Include="Object3d.PS.hlsl">
      <Filter>Engine\Shader</Filter>
    </FxCompile>
  </ItemGroup>
  <ItemGroup>
    <Text Include="externals\imgui\LICENSE.txt">
      <Filter>Engine\ImGui</Filter>
    </Text>
  </ItemGroup>
</Project>